
Microsoft Visual Studio Solution File, Format Version 12.00
# Visual Studio Version 16
VisualStudioVersion = 25.0.1706.13
MinimumVisualStudioVersion = 10.0.40219.1
Project("{FAE04EC0-301F-11D3-BF4B-00C04F79EFBC}") = "OrderShippingService", "OrderShippingService\OrderShippingService.csproj", "{16098345-381A-491A-B694-933E2E1928B3}"
EndProject
Project("{FAE04EC0-301F-11D3-BF4B-00C04F79EFBC}") = "Application", "Application\Application.csproj", "{F3F23080-54F5-48C2-B71A-343DB5AD7284}"
EndProject
Project("{FAE04EC0-301F-11D3-BF4B-00C04F79EFBC}") = "Domain", "Domain\Domain.csproj", "{571D0984-939F-4FF3-8B8A-F7432A577081}"
EndProject
Project("{FAE04EC0-301F-11D3-BF4B-00C04F79EFBC}") = "Infrastructure", "Infrastructure\Infrastructure.csproj", "{C2642C86-8431-40EB-8D7B-3621C1AB84E6}"
EndProject
Project("{FAE04EC0-301F-11D3-BF4B-00C04F79EFBC}") = "Presentation", "Presentation\Presentation.csproj", "{87C6384D-9165-4B38-A205-EBFC158F8746}"
EndProject
Global
	GlobalSection(SolutionConfigurationPlatforms) = preSolution
		Debug|Any CPU = Debug|Any CPU
		Release|Any CPU = Release|Any CPU
	EndGlobalSection
	GlobalSection(ProjectConfigurationPlatforms) = postSolution
		{16098345-381A-491A-B694-933E2E1928B3}.Debug|Any CPU.ActiveCfg = Debug|Any CPU
		{16098345-381A-491A-B694-933E2E1928B3}.Debug|Any CPU.Build.0 = Debug|Any CPU
		{16098345-381A-491A-B694-933E2E1928B3}.Release|Any CPU.ActiveCfg = Release|Any CPU
		{16098345-381A-491A-B694-933E2E1928B3}.Release|Any CPU.Build.0 = Release|Any CPU
		{F3F23080-54F5-48C2-B71A-343DB5AD7284}.Debug|Any CPU.ActiveCfg = Debug|Any CPU
		{F3F23080-54F5-48C2-B71A-343DB5AD7284}.Debug|Any CPU.Build.0 = Debug|Any CPU
		{F3F23080-54F5-48C2-B71A-343DB5AD7284}.Release|Any CPU.ActiveCfg = Release|Any CPU
		{F3F23080-54F5-48C2-B71A-343DB5AD7284}.Release|Any CPU.Build.0 = Release|Any CPU
		{571D0984-939F-4FF3-8B8A-F7432A577081}.Debug|Any CPU.ActiveCfg = Debug|Any CPU
		{571D0984-939F-4FF3-8B8A-F7432A577081}.Debug|Any CPU.Build.0 = Debug|Any CPU
		{571D0984-939F-4FF3-8B8A-F7432A577081}.Release|Any CPU.ActiveCfg = Release|Any CPU
		{571D0984-939F-4FF3-8B8A-F7432A577081}.Release|Any CPU.Build.0 = Release|Any CPU
		{C2642C86-8431-40EB-8D7B-3621C1AB84E6}.Debug|Any CPU.ActiveCfg = Debug|Any CPU
		{C2642C86-8431-40EB-8D7B-3621C1AB84E6}.Debug|Any CPU.Build.0 = Debug|Any CPU
		{C2642C86-8431-40EB-8D7B-3621C1AB84E6}.Release|Any CPU.ActiveCfg = Release|Any CPU
		{C2642C86-8431-40EB-8D7B-3621C1AB84E6}.Release|Any CPU.Build.0 = Release|Any CPU
		{87C6384D-9165-4B38-A205-EBFC158F8746}.Debug|Any CPU.ActiveCfg = Debug|Any CPU
		{87C6384D-9165-4B38-A205-EBFC158F8746}.Debug|Any CPU.Build.0 = Debug|Any CPU
		{87C6384D-9165-4B38-A205-EBFC158F8746}.Release|Any CPU.ActiveCfg = Release|Any CPU
		{87C6384D-9165-4B38-A205-EBFC158F8746}.Release|Any CPU.Build.0 = Release|Any CPU
	EndGlobalSection
	GlobalSection(SolutionProperties) = preSolution
		HideSolutionNode = FALSE
	EndGlobalSection
	GlobalSection(ExtensibilityGlobals) = postSolution
		SolutionGuid = {22BE4986-86D8-416D-99F0-6F12AC69930E}
	EndGlobalSection
EndGlobal
